
Microsoft Visual Studio Solution File, Format Version 12.00
# Visual Studio Version 17
VisualStudioVersion = 17.5.2.0
MinimumVisualStudioVersion = 10.0.40219.1
Project("{2150E333-8FDC-42A3-9474-1A3956D46DE8}") = "src", "src", "{827E0CD3-B72D-47B6-A68D-7590B98EB39B}"
EndProject
Project("{2150E333-8FDC-42A3-9474-1A3956D46DE8}") = "WebApi", "WebApi", "{953D89DF-FDD2-4C1A-6A43-6326114B13B5}"
EndProject
Project("{FAE04EC0-301F-11D3-BF4B-00C04F79EFBC}") = "RotinaXP.API", "src\WebApi\RotinaXP.API.csproj", "{122B6089-9D3F-4723-86A9-D98DF73EDC91}"
EndProject
Project("{FAE04EC0-301F-11D3-BF4B-00C04F79EFBC}") = "RotinaXP.API.Application", "src\Core\RotinaXP.API.Application\RotinaXP.API.Application.csproj", "{6FD314B3-DE4D-4418-9667-B533653D4950}"
EndProject
Project("{FAE04EC0-301F-11D3-BF4B-00C04F79EFBC}") = "RotinaXP.API.Domain", "src\Core\RotinaXP.API.Domain\RotinaXP.API.Domain.csproj", "{450818DC-4276-4347-978D-8E035C27F3B9}"
EndProject
Project("{FAE04EC0-301F-11D3-BF4B-00C04F79EFBC}") = "RotinaXP.API.Infrastructure", "src\Infrastructure\RotinaXP.API.Infrastructure\RotinaXP.API.Infrastructure.csproj", "{6F9591D9-D473-48D6-8DD5-523B78E34BD3}"
EndProject
Project("{FAE04EC0-301F-11D3-BF4B-00C04F79EFBC}") = "RotinaXP.API.Shared", "src\Shared\RotinaXP.API.Shared\RotinaXP.API.Shared.csproj", "{1F7FE8F4-6E71-4EE9-A4FE-641DF3AB9F89}"
EndProject
Project("{2150E333-8FDC-42A3-9474-1A3956D46DE8}") = "tests", "tests", "{0AB3BF05-4346-4AA6-1389-037BE0695223}"
EndProject
Project("{FAE04EC0-301F-11D3-BF4B-00C04F79EFBC}") = "RotinaXP.API.Tests", "tests\RotinaXP.API.Tests.csproj", "{B6541929-016E-40E9-90CB-CAD35A1FA479}"
EndProject
Global
	GlobalSection(SolutionConfigurationPlatforms) = preSolution
		Debug|Any CPU = Debug|Any CPU
		Debug|x64 = Debug|x64
		Debug|x86 = Debug|x86
		Release|Any CPU = Release|Any CPU
		Release|x64 = Release|x64
		Release|x86 = Release|x86
	EndGlobalSection
	GlobalSection(ProjectConfigurationPlatforms) = postSolution
		{122B6089-9D3F-4723-86A9-D98DF73EDC91}.Debug|Any CPU.ActiveCfg = Debug|Any CPU
		{122B6089-9D3F-4723-86A9-D98DF73EDC91}.Debug|Any CPU.Build.0 = Debug|Any CPU
		{122B6089-9D3F-4723-86A9-D98DF73EDC91}.Debug|x64.ActiveCfg = Debug|Any CPU
		{122B6089-9D3F-4723-86A9-D98DF73EDC91}.Debug|x64.Build.0 = Debug|Any CPU
		{122B6089-9D3F-4723-86A9-D98DF73EDC91}.Debug|x86.ActiveCfg = Debug|Any CPU
		{122B6089-9D3F-4723-86A9-D98DF73EDC91}.Debug|x86.Build.0 = Debug|Any CPU
		{122B6089-9D3F-4723-86A9-D98DF73EDC91}.Release|Any CPU.ActiveCfg = Release|Any CPU
		{122B6089-9D3F-4723-86A9-D98DF73EDC91}.Release|Any CPU.Build.0 = Release|Any CPU
		{122B6089-9D3F-4723-86A9-D98DF73EDC91}.Release|x64.ActiveCfg = Release|Any CPU
		{122B6089-9D3F-4723-86A9-D98DF73EDC91}.Release|x64.Build.0 = Release|Any CPU
		{122B6089-9D3F-4723-86A9-D98DF73EDC91}.Release|x86.ActiveCfg = Release|Any CPU
		{122B6089-9D3F-4723-86A9-D98DF73EDC91}.Release|x86.Build.0 = Release|Any CPU
		{6FD314B3-DE4D-4418-9667-B533653D4950}.Debug|Any CPU.ActiveCfg = Debug|Any CPU
		{6FD314B3-DE4D-4418-9667-B533653D4950}.Debug|Any CPU.Build.0 = Debug|Any CPU
		{6FD314B3-DE4D-4418-9667-B533653D4950}.Debug|x64.ActiveCfg = Debug|Any CPU
		{6FD314B3-DE4D-4418-9667-B533653D4950}.Debug|x64.Build.0 = Debug|Any CPU
		{6FD314B3-DE4D-4418-9667-B533653D4950}.Debug|x86.ActiveCfg = Debug|Any CPU
		{6FD314B3-DE4D-4418-9667-B533653D4950}.Debug|x86.Build.0 = Debug|Any CPU
		{6FD314B3-DE4D-4418-9667-B533653D4950}.Release|Any CPU.ActiveCfg = Release|Any CPU
		{6FD314B3-DE4D-4418-9667-B533653D4950}.Release|Any CPU.Build.0 = Release|Any CPU
		{6FD314B3-DE4D-4418-9667-B533653D4950}.Release|x64.ActiveCfg = Release|Any CPU
		{6FD314B3-DE4D-4418-9667-B533653D4950}.Release|x64.Build.0 = Release|Any CPU
		{6FD314B3-DE4D-4418-9667-B533653D4950}.Release|x86.ActiveCfg = Release|Any CPU
		{6FD314B3-DE4D-4418-9667-B533653D4950}.Release|x86.Build.0 = Release|Any CPU
		{450818DC-4276-4347-978D-8E035C27F3B9}.Debug|Any CPU.ActiveCfg = Debug|Any CPU
		{450818DC-4276-4347-978D-8E035C27F3B9}.Debug|Any CPU.Build.0 = Debug|Any CPU
		{450818DC-4276-4347-978D-8E035C27F3B9}.Debug|x64.ActiveCfg = Debug|Any CPU
		{450818DC-4276-4347-978D-8E035C27F3B9}.Debug|x64.Build.0 = Debug|Any CPU
		{450818DC-4276-4347-978D-8E035C27F3B9}.Debug|x86.ActiveCfg = Debug|Any CPU
		{450818DC-4276-4347-978D-8E035C27F3B9}.Debug|x86.Build.0 = Debug|Any CPU
		{450818DC-4276-4347-978D-8E035C27F3B9}.Release|Any CPU.ActiveCfg = Release|Any CPU
		{450818DC-4276-4347-978D-8E035C27F3B9}.Release|Any CPU.Build.0 = Release|Any CPU
		{450818DC-4276-4347-978D-8E035C27F3B9}.Release|x64.ActiveCfg = Release|Any CPU
		{450818DC-4276-4347-978D-8E035C27F3B9}.Release|x64.Build.0 = Release|Any CPU
		{450818DC-4276-4347-978D-8E035C27F3B9}.Release|x86.ActiveCfg = Release|Any CPU
		{450818DC-4276-4347-978D-8E035C27F3B9}.Release|x86.Build.0 = Release|Any CPU
		{6F9591D9-D473-48D6-8DD5-523B78E34BD3}.Debug|Any CPU.ActiveCfg = Debug|Any CPU
		{6F9591D9-D473-48D6-8DD5-523B78E34BD3}.Debug|Any CPU.Build.0 = Debug|Any CPU
		{6F9591D9-D473-48D6-8DD5-523B78E34BD3}.Debug|x64.ActiveCfg = Debug|Any CPU
		{6F9591D9-D473-48D6-8DD5-523B78E34BD3}.Debug|x64.Build.0 = Debug|Any CPU
		{6F9591D9-D473-48D6-8DD5-523B78E34BD3}.Debug|x86.ActiveCfg = Debug|Any CPU
		{6F9591D9-D473-48D6-8DD5-523B78E34BD3}.Debug|x86.Build.0 = Debug|Any CPU
		{6F9591D9-D473-48D6-8DD5-523B78E34BD3}.Release|Any CPU.ActiveCfg = Release|Any CPU
		{6F9591D9-D473-48D6-8DD5-523B78E34BD3}.Release|Any CPU.Build.0 = Release|Any CPU
		{6F9591D9-D473-48D6-8DD5-523B78E34BD3}.Release|x64.ActiveCfg = Release|Any CPU
		{6F9591D9-D473-48D6-8DD5-523B78E34BD3}.Release|x64.Build.0 = Release|Any CPU
		{6F9591D9-D473-48D6-8DD5-523B78E34BD3}.Release|x86.ActiveCfg = Release|Any CPU
		{6F9591D9-D473-48D6-8DD5-523B78E34BD3}.Release|x86.Build.0 = Release|Any CPU
		{1F7FE8F4-6E71-4EE9-A4FE-641DF3AB9F89}.Debug|Any CPU.ActiveCfg = Debug|Any CPU
		{1F7FE8F4-6E71-4EE9-A4FE-641DF3AB9F89}.Debug|Any CPU.Build.0 = Debug|Any CPU
		{1F7FE8F4-6E71-4EE9-A4FE-641DF3AB9F89}.Debug|x64.ActiveCfg = Debug|Any CPU
		{1F7FE8F4-6E71-4EE9-A4FE-641DF3AB9F89}.Debug|x64.Build.0 = Debug|Any CPU
		{1F7FE8F4-6E71-4EE9-A4FE-641DF3AB9F89}.Debug|x86.ActiveCfg = Debug|Any CPU
		{1F7FE8F4-6E71-4EE9-A4FE-641DF3AB9F89}.Debug|x86.Build.0 = Debug|Any CPU
		{1F7FE8F4-6E71-4EE9-A4FE-641DF3AB9F89}.Release|Any CPU.ActiveCfg = Release|Any CPU
		{1F7FE8F4-6E71-4EE9-A4FE-641DF3AB9F89}.Release|Any CPU.Build.0 = Release|Any CPU
		{1F7FE8F4-6E71-4EE9-A4FE-641DF3AB9F89}.Release|x64.ActiveCfg = Release|Any CPU
		{1F7FE8F4-6E71-4EE9-A4FE-641DF3AB9F89}.Release|x64.Build.0 = Release|Any CPU
		{1F7FE8F4-6E71-4EE9-A4FE-641DF3AB9F89}.Release|x86.ActiveCfg = Release|Any CPU
		{1F7FE8F4-6E71-4EE9-A4FE-641DF3AB9F89}.Release|x86.Build.0 = Release|Any CPU
		{B6541929-016E-40E9-90CB-CAD35A1FA479}.Debug|Any CPU.ActiveCfg = Debug|Any CPU
		{B6541929-016E-40E9-90CB-CAD35A1FA479}.Debug|Any CPU.Build.0 = Debug|Any CPU
		{B6541929-016E-40E9-90CB-CAD35A1FA479}.Debug|x64.ActiveCfg = Debug|Any CPU
		{B6541929-016E-40E9-90CB-CAD35A1FA479}.Debug|x64.Build.0 = Debug|Any CPU
		{B6541929-016E-40E9-90CB-CAD35A1FA479}.Debug|x86.ActiveCfg = Debug|Any CPU
		{B6541929-016E-40E9-90CB-CAD35A1FA479}.Debug|x86.Build.0 = Debug|Any CPU
		{B6541929-016E-40E9-90CB-CAD35A1FA479}.Release|Any CPU.ActiveCfg = Release|Any CPU
		{B6541929-016E-40E9-90CB-CAD35A1FA479}.Release|Any CPU.Build.0 = Release|Any CPU
		{B6541929-016E-40E9-90CB-CAD35A1FA479}.Release|x64.ActiveCfg = Release|Any CPU
		{B6541929-016E-40E9-90CB-CAD35A1FA479}.Release|x64.Build.0 = Release|Any CPU
		{B6541929-016E-40E9-90CB-CAD35A1FA479}.Release|x86.ActiveCfg = Release|Any CPU
		{B6541929-016E-40E9-90CB-CAD35A1FA479}.Release|x86.Build.0 = Release|Any CPU
	EndGlobalSection
	GlobalSection(SolutionProperties) = preSolution
		HideSolutionNode = FALSE
	EndGlobalSection
	GlobalSection(NestedProjects) = preSolution
		{953D89DF-FDD2-4C1A-6A43-6326114B13B5} = {827E0CD3-B72D-47B6-A68D-7590B98EB39B}
		{122B6089-9D3F-4723-86A9-D98DF73EDC91} = {953D89DF-FDD2-4C1A-6A43-6326114B13B5}
		{6FD314B3-DE4D-4418-9667-B533653D4950} = {953D89DF-FDD2-4C1A-6A43-6326114B13B5}
		{450818DC-4276-4347-978D-8E035C27F3B9} = {953D89DF-FDD2-4C1A-6A43-6326114B13B5}
		{6F9591D9-D473-48D6-8DD5-523B78E34BD3} = {953D89DF-FDD2-4C1A-6A43-6326114B13B5}
		{1F7FE8F4-6E71-4EE9-A4FE-641DF3AB9F89} = {953D89DF-FDD2-4C1A-6A43-6326114B13B5}
		{B6541929-016E-40E9-90CB-CAD35A1FA479} = {0AB3BF05-4346-4AA6-1389-037BE0695223}
	EndGlobalSection
	GlobalSection(ExtensibilityGlobals) = postSolution
		SolutionGuid = {FE17930C-B30E-4F2F-BA28-8BA4274AA12A}
	EndGlobalSection
EndGlobal
